# THIS IS AN AUTOGENERATED FILE. DO NOT EDIT THIS FILE DIRECTLY.
# yarn lockfile v1


"@codevise/activeadmin-searchable_select@^1.6.1":
  version "1.6.1"
  resolved "https://registry.yarnpkg.com/@codevise/activeadmin-searchable_select/-/activeadmin-searchable_select-1.6.1.tgz#80cc10c56b0b32369b84f76f928db4aded52c631"
  integrity sha512-vxYxx9y/JOFXeAfdFx1R209GheV0QeUcToUF0vvbNmfGBMYiTCABmC4pp/G/I1einFzE2ozP+iMWKC8MYbC7FQ==
  dependencies:
    jquery ">= 3.0, < 5"
    select2 "~> 4.0"

"jquery@>= 3.0, < 5":
  version "3.6.4"
  resolved "https://registry.yarnpkg.com/jquery/-/jquery-3.6.4.tgz#ba065c188142100be4833699852bf7c24dc0252f"
  integrity sha512-v28EW9DWDFpzcD9O5iyJXg3R3+q+mET5JhnjJzQUZMHOv67bpSIHq81GEYpPNZHG+XXHsfSme3nxp/hndKEcsQ==

"select2@~> 4.0":
  version "4.0.13"
  resolved "https://registry.yarnpkg.com/select2/-/select2-4.0.13.tgz#0dbe377df3f96167c4c1626033e924372d8ef44d"
  integrity sha512-1JeB87s6oN/TDxQQYCvS5EFoQyvV6eYMZZ0AeA4tdFDYWN3BAGZ8npr17UBFddU0lgAt3H0yjX3X6/ekOj1yjw==
